
Microsoft Visual Studio Solution File, Format Version 12.00
# Visual Studio Version 17
VisualStudioVersion = 17.1.32328.378
MinimumVisualStudioVersion = 10.0.40219.1
Project("{8BC9CEB8-8B4A-11D0-8D11-00A0C91BC942}") = "Homework_5", "Homework_5.vcxproj", "{63169187-032C-4A0D-B8FC-61FE923DD3ED}"
EndProject
Global
	GlobalSection(SolutionConfigurationPlatforms) = preSolution
		Debug|x64 = Debug|x64
		Debug|x86 = Debug|x86
		Release|x64 = Release|x64
		Release|x86 = Release|x86
	EndGlobalSection
	GlobalSection(ProjectConfigurationPlatforms) = postSolution
		{63169187-032C-4A0D-B8FC-61FE923DD3ED}.Debug|x64.ActiveCfg = Debug|x64
		{63169187-032C-4A0D-B8FC-61FE923DD3ED}.Debug|x64.Build.0 = Debug|x64
		{63169187-032C-4A0D-B8FC-61FE923DD3ED}.Debug|x86.ActiveCfg = Debug|Win32
		{63169187-032C-4A0D-B8FC-61FE923DD3ED}.Debug|x86.Build.0 = Debug|Win32
		{63169187-032C-4A0D-B8FC-61FE923DD3ED}.Release|x64.ActiveCfg = Release|x64
		{63169187-032C-4A0D-B8FC-61FE923DD3ED}.Release|x64.Build.0 = Release|x64
		{63169187-032C-4A0D-B8FC-61FE923DD3ED}.Release|x86.ActiveCfg = Release|Win32
		{63169187-032C-4A0D-B8FC-61FE923DD3ED}.Release|x86.Build.0 = Release|Win32
	EndGlobalSection
	GlobalSection(SolutionProperties) = preSolution
		HideSolutionNode = FALSE
	EndGlobalSection
	GlobalSection(ExtensibilityGlobals) = postSolution
		SolutionGuid = {65930E4A-2E20-420E-B9F0-CFBD3FA8176C}
	EndGlobalSection
EndGlobal
